{
  "name": "seg-large-group",
  "lockfileVersion": 3,
  "requires": true,
<<<<<<< HEAD
  "packages": {
    "": {
      "dependencies": {
        "again": "^0.0.1"
      }
    },
    "node_modules/again": {
      "version": "0.0.1",
      "resolved": "https://registry.npmjs.org/again/-/again-0.0.1.tgz",
      "integrity": "sha512-7RwRcQP1LstJTiKG5CSa/DTEWprnEUVbIg8YYMowQTEzWT4sGYOvp418l2wskC2Mo1uZ6f1pFFgqh7qxCxo5pQ=="
    }
  }
=======
  "packages": {}
>>>>>>> master
}
